
Microsoft Visual Studio Solution File, Format Version 12.00
# Visual Studio Version 17
VisualStudioVersion = 17.9.34321.82
MinimumVisualStudioVersion = 10.0.40219.1
Project("{FAE04EC0-301F-11D3-BF4B-00C04F79EFBC}") = "Blueprint.Demo", "Blueprint.Demo\Blueprint.Demo.csproj", "{8987EAC3-6F43-44E1-AAC1-39B4D22FE304}"
EndProject
Global
	GlobalSection(SolutionConfigurationPlatforms) = preSolution
		Debug|Any CPU = Debug|Any CPU
		Release|Any CPU = Release|Any CPU
	EndGlobalSection
	GlobalSection(ProjectConfigurationPlatforms) = postSolution
		{8987EAC3-6F43-44E1-AAC1-39B4D22FE304}.Debug|Any CPU.ActiveCfg = Debug|Any CPU
		{8987EAC3-6F43-44E1-AAC1-39B4D22FE304}.Debug|Any CPU.Build.0 = Debug|Any CPU
		{8987EAC3-6F43-44E1-AAC1-39B4D22FE304}.Release|Any CPU.ActiveCfg = Release|Any CPU
		{8987EAC3-6F43-44E1-AAC1-39B4D22FE304}.Release|Any CPU.Build.0 = Release|Any CPU
	EndGlobalSection
	GlobalSection(SolutionProperties) = preSolution
		HideSolutionNode = FALSE
	EndGlobalSection
	GlobalSection(ExtensibilityGlobals) = postSolution
		SolutionGuid = {2B885C36-ABB7-405F-8374-B182B16430D5}
	EndGlobalSection
EndGlobal
